
Microsoft Visual Studio Solution File, Format Version 12.00
# Visual Studio Version 17
VisualStudioVersion = 17.5.002.0
MinimumVisualStudioVersion = 10.0.40219.1
Project("{9A19103F-16F7-4668-BE54-9A1E7A4F7556}") = "KGBase", "KGBase.csproj", "{8A7D8188-89DA-4080-93B6-463431D099AD}"
EndProject
Global
	GlobalSection(SolutionConfigurationPlatforms) = preSolution
		Debug|Any CPU = Debug|Any CPU
		Release|Any CPU = Release|Any CPU
	EndGlobalSection
	GlobalSection(ProjectConfigurationPlatforms) = postSolution
		{8A7D8188-89DA-4080-93B6-463431D099AD}.Debug|Any CPU.ActiveCfg = Debug|Any CPU
		{8A7D8188-89DA-4080-93B6-463431D099AD}.Debug|Any CPU.Build.0 = Debug|Any CPU
		{8A7D8188-89DA-4080-93B6-463431D099AD}.Release|Any CPU.ActiveCfg = Release|Any CPU
		{8A7D8188-89DA-4080-93B6-463431D099AD}.Release|Any CPU.Build.0 = Release|Any CPU
	EndGlobalSection
	GlobalSection(SolutionProperties) = preSolution
		HideSolutionNode = FALSE
	EndGlobalSection
	GlobalSection(ExtensibilityGlobals) = postSolution
		SolutionGuid = {54BA1536-656C-468C-A99B-1CA5E25B3B3E}
	EndGlobalSection
EndGlobal
